{
  "name": "valibot-testing",
  "version": "0.0.0",
  "lockfileVersion": 2,
  "requires": true,
  "packages": {
    "": {
      "name": "valibot-testing",
      "version": "0.0.0",
      "dependencies": {
        "valibot": "0.34.0"
      },
      "devDependencies": {
        "typescript": "^5.2.2"
      }
    },
    "node_modules/typescript": {
      "version": "5.5.2",
      "resolved": "https://registry.npmjs.org/typescript/-/typescript-5.5.2.tgz",
      "integrity": "sha512-NcRtPEOsPFFWjobJEtfihkLCZCXZt/os3zf8nTxjVH3RvTSxjrCamJpbExGvYOF+tFHc3pA65qpdwPbzjohhew==",
      "dev": true,
      "bin": {
        "tsc": "bin/tsc",
        "tsserver": "bin/tsserver"
      },
      "engines": {
        "node": ">=14.17"
      }
    },
    "node_modules/valibot": {
      "version": "0.34.0",
      "resolved": "https://registry.npmjs.org/valibot/-/valibot-0.34.0.tgz",
      "integrity": "sha512-TELvxO0hEB1/6XjTS5Jfi4dS0oyawA5flxs4/sK/tSUXnlLMiKTMYE6Atuu0a7kvtP3eqPv3yZ80msfM+qMDHA=="
    }
  },
  "dependencies": {
    "typescript": {
      "version": "5.5.2",
      "resolved": "https://registry.npmjs.org/typescript/-/typescript-5.5.2.tgz",
      "integrity": "sha512-NcRtPEOsPFFWjobJEtfihkLCZCXZt/os3zf8nTxjVH3RvTSxjrCamJpbExGvYOF+tFHc3pA65qpdwPbzjohhew==",
      "dev": true
    },
    "valibot": {
      "version": "0.34.0",
      "resolved": "https://registry.npmjs.org/valibot/-/valibot-0.34.0.tgz",
      "integrity": "sha512-TELvxO0hEB1/6XjTS5Jfi4dS0oyawA5flxs4/sK/tSUXnlLMiKTMYE6Atuu0a7kvtP3eqPv3yZ80msfM+qMDHA=="
    }
  }
}
